{
  "name": "Exam2 - Project Monticello",
  "lockfileVersion": 2,
  "requires": true,
  "packages": {
    "": {
      "dependencies": {
        "photoswipe": "^5.3.7"
      }
    },
    "node_modules/photoswipe": {
      "version": "5.3.7",
      "resolved": "https://registry.npmjs.org/photoswipe/-/photoswipe-5.3.7.tgz",
      "integrity": "sha512-zsyLsTTLFrj0XR1m4/hO7qNooboFKUrDy+Zt5i2d6qjFPAtBjzaj/Xtydso4uxzcXpcqbTmyxDibb3BcSISseg==",
      "engines": {
        "node": ">= 0.12.0"
      }
    }
  },
  "dependencies": {
    "photoswipe": {
      "version": "5.3.7",
      "resolved": "https://registry.npmjs.org/photoswipe/-/photoswipe-5.3.7.tgz",
      "integrity": "sha512-zsyLsTTLFrj0XR1m4/hO7qNooboFKUrDy+Zt5i2d6qjFPAtBjzaj/Xtydso4uxzcXpcqbTmyxDibb3BcSISseg=="
    }
  }
}
